
Microsoft Visual Studio Solution File, Format Version 12.00
# Visual Studio Version 17
VisualStudioVersion = 17.5.33516.290
MinimumVisualStudioVersion = 10.0.40219.1
Project("{FAE04EC0-301F-11D3-BF4B-00C04F79EFBC}") = "Sci-Calculator", "Sci-Calculator\Sci-Calculator.csproj", "{A0B669A7-7638-486F-858E-8DECC7AB3C92}"
EndProject
Project("{FAE04EC0-301F-11D3-BF4B-00C04F79EFBC}") = "ConsoleApp1", "ConsoleApp1\ConsoleApp1.csproj", "{821FA5D9-70A7-4AAE-8693-B8B0886F7F50}"
EndProject
Global
	GlobalSection(SolutionConfigurationPlatforms) = preSolution
		Debug|Any CPU = Debug|Any CPU
		Release|Any CPU = Release|Any CPU
	EndGlobalSection
	GlobalSection(ProjectConfigurationPlatforms) = postSolution
		{A0B669A7-7638-486F-858E-8DECC7AB3C92}.Debug|Any CPU.ActiveCfg = Debug|Any CPU
		{A0B669A7-7638-486F-858E-8DECC7AB3C92}.Debug|Any CPU.Build.0 = Debug|Any CPU
		{A0B669A7-7638-486F-858E-8DECC7AB3C92}.Release|Any CPU.ActiveCfg = Release|Any CPU
		{A0B669A7-7638-486F-858E-8DECC7AB3C92}.Release|Any CPU.Build.0 = Release|Any CPU
		{821FA5D9-70A7-4AAE-8693-B8B0886F7F50}.Debug|Any CPU.ActiveCfg = Debug|Any CPU
		{821FA5D9-70A7-4AAE-8693-B8B0886F7F50}.Debug|Any CPU.Build.0 = Debug|Any CPU
		{821FA5D9-70A7-4AAE-8693-B8B0886F7F50}.Release|Any CPU.ActiveCfg = Release|Any CPU
		{821FA5D9-70A7-4AAE-8693-B8B0886F7F50}.Release|Any CPU.Build.0 = Release|Any CPU
	EndGlobalSection
	GlobalSection(SolutionProperties) = preSolution
		HideSolutionNode = FALSE
	EndGlobalSection
	GlobalSection(ExtensibilityGlobals) = postSolution
		SolutionGuid = {0E1D54C4-CE2E-4B6E-B510-9314329C2067}
	EndGlobalSection
EndGlobal
